
Microsoft Visual Studio Solution File, Format Version 12.00
# Visual Studio Version 16
VisualStudioVersion = 16.0.29911.84
MinimumVisualStudioVersion = 10.0.40219.1
Project("{8BC9CEB8-8B4A-11D0-8D11-00A0C91BC942}") = "线性结构", "线性结构\线性结构.vcxproj", "{FCEC4933-A94A-4B8A-88AC-85C3721F46AF}"
EndProject
Project("{2150E333-8FDC-42A3-9474-1A3956D46DE8}") = "ds", "ds", "{49D6E6D4-5409-4243-A02C-B438BC7B3A73}"
EndProject
Project("{2150E333-8FDC-42A3-9474-1A3956D46DE8}") = "algo", "algo", "{5CA72F65-AF1E-4548-9F80-07350BA3E067}"
EndProject
Project("{8BC9CEB8-8B4A-11D0-8D11-00A0C91BC942}") = "patb", "patb\patb.vcxproj", "{F26F27A0-11F0-4A65-AD17-F48546C7CA82}"
EndProject
Project("{8BC9CEB8-8B4A-11D0-8D11-00A0C91BC942}") = "二叉树", "二叉树\二叉树.vcxproj", "{611A0F68-7904-40CA-938E-DC1DF4DDEE35}"
EndProject
Project("{8BC9CEB8-8B4A-11D0-8D11-00A0C91BC942}") = "查找", "查找\查找.vcxproj", "{476B5BE0-DA3E-4EDA-8028-7B7325E0FD45}"
EndProject
Project("{8BC9CEB8-8B4A-11D0-8D11-00A0C91BC942}") = "排序", "排序\排序.vcxproj", "{05137907-CC68-4AED-85EA-E8A3377FBF00}"
EndProject
Project("{8BC9CEB8-8B4A-11D0-8D11-00A0C91BC942}") = "图", "图\图.vcxproj", "{ED0556B8-39DE-4DAD-95F0-70FE81C4092E}"
EndProject
Project("{8BC9CEB8-8B4A-11D0-8D11-00A0C91BC942}") = "pata", "pata\pata.vcxproj", "{1A1FC2F3-BB61-4E56-BF9C-C63B611D9375}"
EndProject
Global
	GlobalSection(SolutionConfigurationPlatforms) = preSolution
		Debug|x64 = Debug|x64
		Debug|x86 = Debug|x86
		Release|x64 = Release|x64
		Release|x86 = Release|x86
	EndGlobalSection
	GlobalSection(ProjectConfigurationPlatforms) = postSolution
		{FCEC4933-A94A-4B8A-88AC-85C3721F46AF}.Debug|x64.ActiveCfg = Debug|x64
		{FCEC4933-A94A-4B8A-88AC-85C3721F46AF}.Debug|x64.Build.0 = Debug|x64
		{FCEC4933-A94A-4B8A-88AC-85C3721F46AF}.Debug|x86.ActiveCfg = Debug|Win32
		{FCEC4933-A94A-4B8A-88AC-85C3721F46AF}.Debug|x86.Build.0 = Debug|Win32
		{FCEC4933-A94A-4B8A-88AC-85C3721F46AF}.Release|x64.ActiveCfg = Release|x64
		{FCEC4933-A94A-4B8A-88AC-85C3721F46AF}.Release|x64.Build.0 = Release|x64
		{FCEC4933-A94A-4B8A-88AC-85C3721F46AF}.Release|x86.ActiveCfg = Release|Win32
		{FCEC4933-A94A-4B8A-88AC-85C3721F46AF}.Release|x86.Build.0 = Release|Win32
		{F26F27A0-11F0-4A65-AD17-F48546C7CA82}.Debug|x64.ActiveCfg = Debug|x64
		{F26F27A0-11F0-4A65-AD17-F48546C7CA82}.Debug|x64.Build.0 = Debug|x64
		{F26F27A0-11F0-4A65-AD17-F48546C7CA82}.Debug|x86.ActiveCfg = Debug|Win32
		{F26F27A0-11F0-4A65-AD17-F48546C7CA82}.Debug|x86.Build.0 = Debug|Win32
		{F26F27A0-11F0-4A65-AD17-F48546C7CA82}.Release|x64.ActiveCfg = Release|x64
		{F26F27A0-11F0-4A65-AD17-F48546C7CA82}.Release|x64.Build.0 = Release|x64
		{F26F27A0-11F0-4A65-AD17-F48546C7CA82}.Release|x86.ActiveCfg = Release|Win32
		{F26F27A0-11F0-4A65-AD17-F48546C7CA82}.Release|x86.Build.0 = Release|Win32
		{611A0F68-7904-40CA-938E-DC1DF4DDEE35}.Debug|x64.ActiveCfg = Debug|x64
		{611A0F68-7904-40CA-938E-DC1DF4DDEE35}.Debug|x64.Build.0 = Debug|x64
		{611A0F68-7904-40CA-938E-DC1DF4DDEE35}.Debug|x86.ActiveCfg = Debug|Win32
		{611A0F68-7904-40CA-938E-DC1DF4DDEE35}.Debug|x86.Build.0 = Debug|Win32
		{611A0F68-7904-40CA-938E-DC1DF4DDEE35}.Release|x64.ActiveCfg = Release|x64
		{611A0F68-7904-40CA-938E-DC1DF4DDEE35}.Release|x64.Build.0 = Release|x64
		{611A0F68-7904-40CA-938E-DC1DF4DDEE35}.Release|x86.ActiveCfg = Release|Win32
		{611A0F68-7904-40CA-938E-DC1DF4DDEE35}.Release|x86.Build.0 = Release|Win32
		{476B5BE0-DA3E-4EDA-8028-7B7325E0FD45}.Debug|x64.ActiveCfg = Debug|x64
		{476B5BE0-DA3E-4EDA-8028-7B7325E0FD45}.Debug|x64.Build.0 = Debug|x64
		{476B5BE0-DA3E-4EDA-8028-7B7325E0FD45}.Debug|x86.ActiveCfg = Debug|Win32
		{476B5BE0-DA3E-4EDA-8028-7B7325E0FD45}.Debug|x86.Build.0 = Debug|Win32
		{476B5BE0-DA3E-4EDA-8028-7B7325E0FD45}.Release|x64.ActiveCfg = Release|x64
		{476B5BE0-DA3E-4EDA-8028-7B7325E0FD45}.Release|x64.Build.0 = Release|x64
		{476B5BE0-DA3E-4EDA-8028-7B7325E0FD45}.Release|x86.ActiveCfg = Release|Win32
		{476B5BE0-DA3E-4EDA-8028-7B7325E0FD45}.Release|x86.Build.0 = Release|Win32
		{05137907-CC68-4AED-85EA-E8A3377FBF00}.Debug|x64.ActiveCfg = Debug|x64
		{05137907-CC68-4AED-85EA-E8A3377FBF00}.Debug|x64.Build.0 = Debug|x64
		{05137907-CC68-4AED-85EA-E8A3377FBF00}.Debug|x86.ActiveCfg = Debug|Win32
		{05137907-CC68-4AED-85EA-E8A3377FBF00}.Debug|x86.Build.0 = Debug|Win32
		{05137907-CC68-4AED-85EA-E8A3377FBF00}.Release|x64.ActiveCfg = Release|x64
		{05137907-CC68-4AED-85EA-E8A3377FBF00}.Release|x64.Build.0 = Release|x64
		{05137907-CC68-4AED-85EA-E8A3377FBF00}.Release|x86.ActiveCfg = Release|Win32
		{05137907-CC68-4AED-85EA-E8A3377FBF00}.Release|x86.Build.0 = Release|Win32
		{ED0556B8-39DE-4DAD-95F0-70FE81C4092E}.Debug|x64.ActiveCfg = Debug|x64
		{ED0556B8-39DE-4DAD-95F0-70FE81C4092E}.Debug|x64.Build.0 = Debug|x64
		{ED0556B8-39DE-4DAD-95F0-70FE81C4092E}.Debug|x86.ActiveCfg = Debug|Win32
		{ED0556B8-39DE-4DAD-95F0-70FE81C4092E}.Debug|x86.Build.0 = Debug|Win32
		{ED0556B8-39DE-4DAD-95F0-70FE81C4092E}.Release|x64.ActiveCfg = Release|x64
		{ED0556B8-39DE-4DAD-95F0-70FE81C4092E}.Release|x64.Build.0 = Release|x64
		{ED0556B8-39DE-4DAD-95F0-70FE81C4092E}.Release|x86.ActiveCfg = Release|Win32
		{ED0556B8-39DE-4DAD-95F0-70FE81C4092E}.Release|x86.Build.0 = Release|Win32
		{1A1FC2F3-BB61-4E56-BF9C-C63B611D9375}.Debug|x64.ActiveCfg = Debug|x64
		{1A1FC2F3-BB61-4E56-BF9C-C63B611D9375}.Debug|x64.Build.0 = Debug|x64
		{1A1FC2F3-BB61-4E56-BF9C-C63B611D9375}.Debug|x86.ActiveCfg = Debug|Win32
		{1A1FC2F3-BB61-4E56-BF9C-C63B611D9375}.Debug|x86.Build.0 = Debug|Win32
		{1A1FC2F3-BB61-4E56-BF9C-C63B611D9375}.Release|x64.ActiveCfg = Release|x64
		{1A1FC2F3-BB61-4E56-BF9C-C63B611D9375}.Release|x64.Build.0 = Release|x64
		{1A1FC2F3-BB61-4E56-BF9C-C63B611D9375}.Release|x86.ActiveCfg = Release|Win32
		{1A1FC2F3-BB61-4E56-BF9C-C63B611D9375}.Release|x86.Build.0 = Release|Win32
	EndGlobalSection
	GlobalSection(SolutionProperties) = preSolution
		HideSolutionNode = FALSE
	EndGlobalSection
	GlobalSection(NestedProjects) = preSolution
		{FCEC4933-A94A-4B8A-88AC-85C3721F46AF} = {49D6E6D4-5409-4243-A02C-B438BC7B3A73}
		{F26F27A0-11F0-4A65-AD17-F48546C7CA82} = {5CA72F65-AF1E-4548-9F80-07350BA3E067}
		{611A0F68-7904-40CA-938E-DC1DF4DDEE35} = {49D6E6D4-5409-4243-A02C-B438BC7B3A73}
		{476B5BE0-DA3E-4EDA-8028-7B7325E0FD45} = {49D6E6D4-5409-4243-A02C-B438BC7B3A73}
		{05137907-CC68-4AED-85EA-E8A3377FBF00} = {49D6E6D4-5409-4243-A02C-B438BC7B3A73}
		{ED0556B8-39DE-4DAD-95F0-70FE81C4092E} = {49D6E6D4-5409-4243-A02C-B438BC7B3A73}
		{1A1FC2F3-BB61-4E56-BF9C-C63B611D9375} = {5CA72F65-AF1E-4548-9F80-07350BA3E067}
	EndGlobalSection
	GlobalSection(ExtensibilityGlobals) = postSolution
		SolutionGuid = {2F0EE834-A175-403D-9880-C6C8FC7ECCEE}
	EndGlobalSection
EndGlobal
