<?xml version="1.0" encoding="utf-8"?>
<Project ToolsVersion="4.0" xmlns="http://schemas.microsoft.com/developer/msbuild/2003">
  <ItemGroup>
    <ClCompile Include="pat_a1001.cpp" />
    <ClCompile Include="pat_a1002.cpp" />
    <ClCompile Include="pat_a1005.cpp" />
    <ClCompile Include="pat_a1009.cpp" />
    <ClCompile Include="pat_a1010.cpp" />
    <ClCompile Include="pat_a1011.cpp" />
    <ClCompile Include="pat_a1012.cpp" />
    <ClCompile Include="pat_a1016.cpp" />
    <ClCompile Include="pat_a1019.cpp" />
    <ClCompile Include="pat_a1020.cpp" />
    <ClCompile Include="pat_a1022.cpp" />
    <ClCompile Include="pat_a1025.cpp" />
    <ClCompile Include="pat_a1027.cpp" />
    <ClCompile Include="pat_a1028.cpp" />
    <ClCompile Include="pat_a1029.cpp" />
    <ClCompile Include="pat_a1031.cpp" />
    <ClCompile Include="pat_a1032.cpp" />
    <ClCompile Include="pat_a1033.cpp" />
    <ClCompile Include="pat_a1035.cpp" />
    <ClCompile Include="pat_a1036.cpp" />
    <ClCompile Include="pat_a1037.cpp" />
    <ClCompile Include="pat_a1038.cpp" />
    <ClCompile Include="pat_a1039.cpp" />
    <ClCompile Include="pat_a1041.cpp" />
    <ClCompile Include="pat_a1042.cpp" />
    <ClCompile Include="pat_a1043.cpp" />
    <ClCompile Include="pat_a1044.cpp" />
    <ClCompile Include="pat_a1046.cpp" />
    <ClCompile Include="pat_a1047cpp.cpp" />
    <ClCompile Include="pat_a1048.cpp" />
    <ClCompile Include="pat_a1050.cpp" />
    <ClCompile Include="pat_a1051.cpp" />
    <ClCompile Include="pat_a1052.cpp" />
    <ClCompile Include="pat_a1053.cpp" />
    <ClCompile Include="pat_a1054.cpp" />
    <ClCompile Include="pat_a1055.cpp" />
    <ClCompile Include="pat_a1056.cpp" />
    <ClCompile Include="pat_a1058.cpp" />
    <ClCompile Include="pat_a1060.cpp" />
    <ClCompile Include="pat_a1061.cpp" />
    <ClCompile Include="pat_a1062.cpp" />
    <ClCompile Include="pat_a1063.cpp" />
    <ClCompile Include="pat_a1065.cpp" />
    <ClCompile Include="pat_a1006.cpp" />
    <ClCompile Include="pat_a1066.cpp" />
    <ClCompile Include="pat_a1067.cpp" />
    <ClCompile Include="pat_a1069.cpp" />
    <ClCompile Include="pat_a1070.cpp" />
    <ClCompile Include="pat_a1071.cpp" />
    <ClCompile Include="pat_a1073.cpp" />
    <ClCompile Include="pat_a1075.cpp" />
    <ClCompile Include="pat_a1077.cpp" />
    <ClCompile Include="pat_a1079.cpp" />
    <ClCompile Include="pat_a1082.cpp" />
    <ClCompile Include="pat_a1084.cpp" />
    <ClCompile Include="pat_a1085.cpp" />
    <ClCompile Include="pat_a1086.cpp" />
    <ClCompile Include="pat_a1089.cpp" />
    <ClCompile Include="pat_a1090.cpp" />
    <ClCompile Include="pat_a1091.cpp" />
    <ClCompile Include="pat_a1092.cpp" />
    <ClCompile Include="pat_a1094.cpp" />
    <ClCompile Include="pat_a1098.cpp" />
    <ClCompile Include="pat_a1100.cpp" />
    <ClCompile Include="pat_a1102.cpp" />
    <ClCompile Include="pat_a1103.cpp" />
    <ClCompile Include="pat_a1106.cpp" />
    <ClCompile Include="pat_a1107.cpp" />
    <ClCompile Include="pat_a1034.cpp" />
    <ClCompile Include="pat_a1076.cpp" />
    <ClCompile Include="pat_a1003.cpp" />
    <ClCompile Include="pat_a1030.cpp" />
    <ClCompile Include="pat_a1007.cpp" />
    <ClCompile Include="pat_a1045.cpp" />
    <ClCompile Include="pat_a1040.cpp" />
  </ItemGroup>
</Project>